# generated by rye
# use `rye lock` or `rye sync` to update this lockfile
#
# last locked with the following flags:
#   pre: false
#   features: []
#   all-features: false
#   with-sources: false
#   generate-hashes: false
#   universal: false

-e file:aerosim
-e file:aerosim-controllers
-e file:aerosim-core
-e file:aerosim-data
-e file:aerosim-dynamics-models
-e file:aerosim-scenarios
-e file:aerosim-sensors
-e file:aerosim-world
attrs==25.3.0
    # via fmpy
    # via jsonschema
    # via referencing
confluent-kafka==2.11.0
    # via aerosim-world
dotty-dictionary==1.2.0
    # via aerosim-world
fastjsonschema==2.21.1
    # via nbformat
fmpy==0.3.25
    # via aerosim-world
jinja2==3.1.6
    # via fmpy
jsbsim==1.2.3
    # via aerosim-controllers
    # via aerosim-dynamics-models
jsonschema==4.24.0
    # via nbformat
jsonschema-specifications==2025.4.1
    # via jsonschema
jupyter-core==5.8.1
    # via nbformat
lark==1.2.2
    # via fmpy
lxml==6.0.0
    # via fmpy
markupsafe==3.0.2
    # via jinja2
maturin==1.9.0
    # via aerosim-core
    # via aerosim-data
    # via aerosim-scenarios
    # via aerosim-world
msgpack==1.1.1
    # via fmpy
nbformat==5.10.4
    # via fmpy
numpy==2.3.1
    # via aerosim-controllers
    # via aerosim-core
    # via aerosim-dynamics-models
    # via fmpy
    # via jsbsim
    # via opencv-python
    # via scipy
opencv-python==4.11.0.86
pip==25.1.1
    # via aerosim-core
    # via aerosim-data
    # via aerosim-scenarios
    # via aerosim-world
platformdirs==4.3.8
    # via jupyter-core
pygame==2.6.1
pythonfmu3==0.2.2
    # via aerosim-controllers
    # via aerosim-core
    # via aerosim-dynamics-models
pywin32==310
    # via jupyter-core
referencing==0.36.2
    # via jsonschema
    # via jsonschema-specifications
rpds-py==0.26.0
    # via jsonschema
    # via referencing
scipy==1.16.0
    # via aerosim-dynamics-models
traitlets==5.14.3
    # via jupyter-core
    # via nbformat
typing-extensions==4.14.1
    # via referencing
websockets==15.0.1
