# generated by rye
# use `rye lock` or `rye sync` to update this lockfile
#
# last locked with the following flags:
#   pre: false
#   features: []
#   all-features: false
#   with-sources: false
#   generate-hashes: false
#   universal: false

-e file:aerosim
-e file:aerosim-controllers
-e file:aerosim-core
-e file:aerosim-data
-e file:aerosim-dynamics-models
-e file:aerosim-scenarios
-e file:aerosim-sensors
-e file:aerosim-world
attrs==24.3.0
    # via fmpy
confluent-kafka==2.8.0
    # via aerosim-world
dotty-dictionary==1.2.0
    # via aerosim-world
fmpy==0.3.22
    # via aerosim-world
jinja2==3.1.5
    # via fmpy
jsbsim==1.2.1
    # via aerosim-controllers
    # via aerosim-dynamics-models
lark==1.2.2
    # via fmpy
lxml==5.3.0
    # via fmpy
markupsafe==3.0.2
    # via jinja2
maturin==1.8.1
    # via aerosim-core
    # via aerosim-data
    # via aerosim-scenarios
    # via aerosim-world
msgpack==1.1.0
    # via fmpy
numpy==2.2.4
    # via aerosim-controllers
    # via aerosim-core
    # via aerosim-dynamics-models
    # via fmpy
    # via jsbsim
    # via opencv-python
    # via scipy
opencv-python==4.11.0.86
pip==24.3.1
    # via aerosim-core
    # via aerosim-data
    # via aerosim-scenarios
    # via aerosim-world
pygame==2.6.1
pythonfmu3==0.1.16
    # via aerosim-controllers
    # via aerosim-core
    # via aerosim-dynamics-models
pywin32==310
    # via fmpy
scipy==1.15.1
    # via aerosim-dynamics-models
websockets==15.0.1
